// !$*UTF8*$!
{
	archiveVersion = 1;
	classes = {
	};
	objectVersion = 56;
	objects = {

/* Begin PBXBuildFile section */
		3AA42CA22C0CC51300E2BCA5 /* main.swift in Sources */ = {isa = PBXBuildFile; fileRef = 3AA42CA12C0CC51300E2BCA5 /* main.swift */; };
		3AA42CA92C0CC55000E2BCA5 /* donutKernel.metal in Sources */ = {isa = PBXBuildFile; fileRef = 3AA42CA82C0CC55000E2BCA5 /* donutKernel.metal */; };
		3AA42CAB2C0CCD2300E2BCA5 /* donutParam.swift in Sources */ = {isa = PBXBuildFile; fileRef = 3AA42CAA2C0CCD2300E2BCA5 /* donutParam.swift */; };
		3AA42CAD2C0CD36400E2BCA5 /* metalInterface.swift in Sources */ = {isa = PBXBuildFile; fileRef = 3AA42CAC2C0CD36400E2BCA5 /* metalInterface.swift */; };
		3AA42CAF2C0CD94800E2BCA5 /* gpuInfo.swift in Sources */ = {isa = PBXBuildFile; fileRef = 3AA42CAE2C0CD94800E2BCA5 /* gpuInfo.swift */; };
/* End PBXBuildFile section */

/* Begin PBXCopyFilesBuildPhase section */
		3AA42C9C2C0CC51300E2BCA5 /* CopyFiles */ = {
			isa = PBXCopyFilesBuildPhase;
			buildActionMask = 2147483647;
			dstPath = /usr/share/man/man1/;
			dstSubfolderSpec = 0;
			files = (
			);
			runOnlyForDeploymentPostprocessing = 1;
		};
/* End PBXCopyFilesBuildPhase section */

/* Begin PBXFileReference section */
		3AA42C9E2C0CC51300E2BCA5 /* terminal-donut-metal */ = {isa = PBXFileReference; explicitFileType = "compiled.mach-o.executable"; includeInIndex = 0; path = "terminal-donut-metal"; sourceTree = BUILT_PRODUCTS_DIR; };
		3AA42CA12C0CC51300E2BCA5 /* main.swift */ = {isa = PBXFileReference; lastKnownFileType = sourcecode.swift; path = main.swift; sourceTree = "<group>"; };
		3AA42CA82C0CC55000E2BCA5 /* donutKernel.metal */ = {isa = PBXFileReference; lastKnownFileType = sourcecode.metal; path = donutKernel.metal; sourceTree = "<group>"; };
		3AA42CAA2C0CCD2300E2BCA5 /* donutParam.swift */ = {isa = PBXFileReference; lastKnownFileType = sourcecode.swift; path = donutParam.swift; sourceTree = "<group>"; };
		3AA42CAC2C0CD36400E2BCA5 /* metalInterface.swift */ = {isa = PBXFileReference; lastKnownFileType = sourcecode.swift; path = metalInterface.swift; sourceTree = "<group>"; };
		3AA42CAE2C0CD94800E2BCA5 /* gpuInfo.swift */ = {isa = PBXFileReference; fileEncoding = 4; lastKnownFileType = sourcecode.swift; path = gpuInfo.swift; sourceTree = "<group>"; };
/* End PBXFileReference section */

/* Begin PBXFrameworksBuildPhase section */
		3AA42C9B2C0CC51300E2BCA5 /* Frameworks */ = {
			isa = PBXFrameworksBuildPhase;
			buildActionMask = 2147483647;
			files = (
			);
			runOnlyForDeploymentPostprocessing = 0;
		};
/* End PBXFrameworksBuildPhase section */

/* Begin PBXGroup section */
		3AA42C952C0CC51300E2BCA5 = {
			isa = PBXGroup;
			children = (
				3AA42CA02C0CC51300E2BCA5 /* terminal-donut-metal */,
				3AA42C9F2C0CC51300E2BCA5 /* Products */,
			);
			sourceTree = "<group>";
		};
		3AA42C9F2C0CC51300E2BCA5 /* Products */ = {
			isa = PBXGroup;
			children = (
				3AA42C9E2C0CC51300E2BCA5 /* terminal-donut-metal */,
			);
			name = Products;
			sourceTree = "<group>";
		};
		3AA42CA02C0CC51300E2BCA5 /* terminal-donut-metal */ = {
			isa = PBXGroup;
			children = (
				3AA42CAE2C0CD94800E2BCA5 /* gpuInfo.swift */,
				3AA42CA12C0CC51300E2BCA5 /* main.swift */,
				3AA42CA82C0CC55000E2BCA5 /* donutKernel.metal */,
				3AA42CAA2C0CCD2300E2BCA5 /* donutParam.swift */,
				3AA42CAC2C0CD36400E2BCA5 /* metalInterface.swift */,
			);
			path = "terminal-donut-metal";
			sourceTree = "<group>";
		};
/* End PBXGroup section */

/* Begin PBXNativeTarget section */
		3AA42C9D2C0CC51300E2BCA5 /* terminal-donut-metal */ = {
			isa = PBXNativeTarget;
			buildConfigurationList = 3AA42CA52C0CC51300E2BCA5 /* Build configuration list for PBXNativeTarget "terminal-donut-metal" */;
			buildPhases = (
				3AA42C9A2C0CC51300E2BCA5 /* Sources */,
				3AA42C9B2C0CC51300E2BCA5 /* Frameworks */,
				3AA42C9C2C0CC51300E2BCA5 /* CopyFiles */,
			);
			buildRules = (
			);
			dependencies = (
			);
			name = "terminal-donut-metal";
			productName = "terminal-donut-metal";
			productReference = 3AA42C9E2C0CC51300E2BCA5 /* terminal-donut-metal */;
			productType = "com.apple.product-type.tool";
		};
/* End PBXNativeTarget section */

/* Begin PBXProject section */
		3AA42C962C0CC51300E2BCA5 /* Project object */ = {
			isa = PBXProject;
			attributes = {
				BuildIndependentTargetsInParallel = 1;
				LastSwiftUpdateCheck = 1510;
				LastUpgradeCheck = 1510;
				TargetAttributes = {
					3AA42C9D2C0CC51300E2BCA5 = {
						CreatedOnToolsVersion = 15.1;
					};
				};
			};
			buildConfigurationList = 3AA42C992C0CC51300E2BCA5 /* Build configuration list for PBXProject "terminal-donut-metal" */;
			compatibilityVersion = "Xcode 14.0";
			developmentRegion = en;
			hasScannedForEncodings = 0;
			knownRegions = (
				en,
				Base,
			);
			mainGroup = 3AA42C952C0CC51300E2BCA5;
			productRefGroup = 3AA42C9F2C0CC51300E2BCA5 /* Products */;
			projectDirPath = "";
			projectRoot = "";
			targets = (
				3AA42C9D2C0CC51300E2BCA5 /* terminal-donut-metal */,
			);
		};
/* End PBXProject section */

/* Begin PBXSourcesBuildPhase section */
		3AA42C9A2C0CC51300E2BCA5 /* Sources */ = {
			isa = PBXSourcesBuildPhase;
			buildActionMask = 2147483647;
			files = (
				3AA42CAB2C0CCD2300E2BCA5 /* donutParam.swift in Sources */,
				3AA42CAF2C0CD94800E2BCA5 /* gpuInfo.swift in Sources */,
				3AA42CA92C0CC55000E2BCA5 /* donutKernel.metal in Sources */,
				3AA42CA22C0CC51300E2BCA5 /* main.swift in Sources */,
				3AA42CAD2C0CD36400E2BCA5 /* metalInterface.swift in Sources */,
			);
			runOnlyForDeploymentPostprocessing = 0;
		};
/* End PBXSourcesBuildPhase section */

/* Begin XCBuildConfiguration section */
		3AA42CA32C0CC51300E2BCA5 /* Debug */ = {
			isa = XCBuildConfiguration;
			buildSettings = {
				ALWAYS_SEARCH_USER_PATHS = NO;
				ASSETCATALOG_COMPILER_GENERATE_SWIFT_ASSET_SYMBOL_EXTENSIONS = YES;
				CLANG_ANALYZER_NONNULL = YES;
				CLANG_ANALYZER_NUMBER_OBJECT_CONVERSION = YES_AGGRESSIVE;
				CLANG_CXX_LANGUAGE_STANDARD = "gnu++20";
				CLANG_ENABLE_MODULES = YES;
				CLANG_ENABLE_OBJC_ARC = YES;
				CLANG_ENABLE_OBJC_WEAK = YES;
				CLANG_WARN_BLOCK_CAPTURE_AUTORELEASING = YES;
				CLANG_WARN_BOOL_CONVERSION = YES;
				CLANG_WARN_COMMA = YES;
				CLANG_WARN_CONSTANT_CONVERSION = YES;
				CLANG_WARN_DEPRECATED_OBJC_IMPLEMENTATIONS = YES;
				CLANG_WARN_DIRECT_OBJC_ISA_USAGE = YES_ERROR;
				CLANG_WARN_DOCUMENTATION_COMMENTS = YES;
				CLANG_WARN_EMPTY_BODY = YES;
				CLANG_WARN_ENUM_CONVERSION = YES;
				CLANG_WARN_INFINITE_RECURSION = YES;
				CLANG_WARN_INT_CONVERSION = YES;
				CLANG_WARN_NON_LITERAL_NULL_CONVERSION = YES;
				CLANG_WARN_OBJC_IMPLICIT_RETAIN_SELF = YES;
				CLANG_WARN_OBJC_LITERAL_CONVERSION = YES;
				CLANG_WARN_OBJC_ROOT_CLASS = YES_ERROR;
				CLANG_WARN_QUOTED_INCLUDE_IN_FRAMEWORK_HEADER = YES;
				CLANG_WARN_RANGE_LOOP_ANALYSIS = YES;
				CLANG_WARN_STRICT_PROTOTYPES = YES;
				CLANG_WARN_SUSPICIOUS_MOVE = YES;
				CLANG_WARN_UNGUARDED_AVAILABILITY = YES_AGGRESSIVE;
				CLANG_WARN_UNREACHABLE_CODE = YES;
				CLANG_WARN__DUPLICATE_METHOD_MATCH = YES;
				COPY_PHASE_STRIP = NO;
				DEBUG_INFORMATION_FORMAT = dwarf;
				ENABLE_STRICT_OBJC_MSGSEND = YES;
				ENABLE_TESTABILITY = YES;
				ENABLE_USER_SCRIPT_SANDBOXING = YES;
				GCC_C_LANGUAGE_STANDARD = gnu17;
				GCC_DYNAMIC_NO_PIC = NO;
				GCC_NO_COMMON_BLOCKS = YES;
				GCC_OPTIMIZATION_LEVEL = 0;
				GCC_PREPROCESSOR_DEFINITIONS = (
					"DEBUG=1",
					"$(inherited)",
				);
				GCC_WARN_64_TO_32_BIT_CONVERSION = YES;
				GCC_WARN_ABOUT_RETURN_TYPE = YES_ERROR;
				GCC_WARN_UNDECLARED_SELECTOR = YES;
				GCC_WARN_UNINITIALIZED_AUTOS = YES_AGGRESSIVE;
				GCC_WARN_UNUSED_FUNCTION = YES;
				GCC_WARN_UNUSED_VARIABLE = YES;
				LOCALIZATION_PREFERS_STRING_CATALOGS = YES;
				MACOSX_DEPLOYMENT_TARGET = 14.2;
				MTL_ENABLE_DEBUG_INFO = INCLUDE_SOURCE;
				MTL_FAST_MATH = YES;
				ONLY_ACTIVE_ARCH = YES;
				SDKROOT = macosx;
				SWIFT_ACTIVE_COMPILATION_CONDITIONS = "DEBUG $(inherited)";
				SWIFT_OPTIMIZATION_LEVEL = "-Onone";
			};
			name = Debug;
		};
		3AA42CA42C0CC51300E2BCA5 /* Release */ = {
			isa = XCBuildConfiguration;
			buildSettings = {
				ALWAYS_SEARCH_USER_PATHS = NO;
				ASSETCATALOG_COMPILER_GENERATE_SWIFT_ASSET_SYMBOL_EXTENSIONS = YES;
				CLANG_ANALYZER_NONNULL = YES;
				CLANG_ANALYZER_NUMBER_OBJECT_CONVERSION = YES_AGGRESSIVE;
				CLANG_CXX_LANGUAGE_STANDARD = "gnu++20";
				CLANG_ENABLE_MODULES = YES;
				CLANG_ENABLE_OBJC_ARC = YES;
				CLANG_ENABLE_OBJC_WEAK = YES;
				CLANG_WARN_BLOCK_CAPTURE_AUTORELEASING = YES;
				CLANG_WARN_BOOL_CONVERSION = YES;
				CLANG_WARN_COMMA = YES;
				CLANG_WARN_CONSTANT_CONVERSION = YES;
				CLANG_WARN_DEPRECATED_OBJC_IMPLEMENTATIONS = YES;
				CLANG_WARN_DIRECT_OBJC_ISA_USAGE = YES_ERROR;
				CLANG_WARN_DOCUMENTATION_COMMENTS = YES;
				CLANG_WARN_EMPTY_BODY = YES;
				CLANG_WARN_ENUM_CONVERSION = YES;
				CLANG_WARN_INFINITE_RECURSION = YES;
				CLANG_WARN_INT_CONVERSION = YES;
				CLANG_WARN_NON_LITERAL_NULL_CONVERSION = YES;
				CLANG_WARN_OBJC_IMPLICIT_RETAIN_SELF = YES;
				CLANG_WARN_OBJC_LITERAL_CONVERSION = YES;
				CLANG_WARN_OBJC_ROOT_CLASS = YES_ERROR;
				CLANG_WARN_QUOTED_INCLUDE_IN_FRAMEWORK_HEADER = YES;
				CLANG_WARN_RANGE_LOOP_ANALYSIS = YES;
				CLANG_WARN_STRICT_PROTOTYPES = YES;
				CLANG_WARN_SUSPICIOUS_MOVE = YES;
				CLANG_WARN_UNGUARDED_AVAILABILITY = YES_AGGRESSIVE;
				CLANG_WARN_UNREACHABLE_CODE = YES;
				CLANG_WARN__DUPLICATE_METHOD_MATCH = YES;
				COPY_PHASE_STRIP = NO;
				DEBUG_INFORMATION_FORMAT = "dwarf-with-dsym";
				ENABLE_NS_ASSERTIONS = NO;
				ENABLE_STRICT_OBJC_MSGSEND = YES;
				ENABLE_USER_SCRIPT_SANDBOXING = YES;
				GCC_C_LANGUAGE_STANDARD = gnu17;
				GCC_NO_COMMON_BLOCKS = YES;
				GCC_WARN_64_TO_32_BIT_CONVERSION = YES;
				GCC_WARN_ABOUT_RETURN_TYPE = YES_ERROR;
				GCC_WARN_UNDECLARED_SELECTOR = YES;
				GCC_WARN_UNINITIALIZED_AUTOS = YES_AGGRESSIVE;
				GCC_WARN_UNUSED_FUNCTION = YES;
				GCC_WARN_UNUSED_VARIABLE = YES;
				LOCALIZATION_PREFERS_STRING_CATALOGS = YES;
				MACOSX_DEPLOYMENT_TARGET = 14.2;
				MTL_ENABLE_DEBUG_INFO = NO;
				MTL_FAST_MATH = YES;
				SDKROOT = macosx;
				SWIFT_COMPILATION_MODE = wholemodule;
			};
			name = Release;
		};
		3AA42CA62C0CC51300E2BCA5 /* Debug */ = {
			isa = XCBuildConfiguration;
			buildSettings = {
				CODE_SIGN_STYLE = Automatic;
				MACOSX_DEPLOYMENT_TARGET = 14.0;
				MERGED_BINARY_TYPE = none;
				PRODUCT_NAME = "$(TARGET_NAME)";
				STRIP_INSTALLED_PRODUCT = YES;
				SWIFT_VERSION = 5.0;
			};
			name = Debug;
		};
		3AA42CA72C0CC51300E2BCA5 /* Release */ = {
			isa = XCBuildConfiguration;
			buildSettings = {
				CODE_SIGN_STYLE = Automatic;
				MACOSX_DEPLOYMENT_TARGET = 14.0;
				MERGED_BINARY_TYPE = none;
				PRODUCT_NAME = "$(TARGET_NAME)";
				STRIP_INSTALLED_PRODUCT = YES;
				SWIFT_VERSION = 5.0;
			};
			name = Release;
		};
/* End XCBuildConfiguration section */

/* Begin XCConfigurationList section */
		3AA42C992C0CC51300E2BCA5 /* Build configuration list for PBXProject "terminal-donut-metal" */ = {
			isa = XCConfigurationList;
			buildConfigurations = (
				3AA42CA32C0CC51300E2BCA5 /* Debug */,
				3AA42CA42C0CC51300E2BCA5 /* Release */,
			);
			defaultConfigurationIsVisible = 0;
			defaultConfigurationName = Release;
		};
		3AA42CA52C0CC51300E2BCA5 /* Build configuration list for PBXNativeTarget "terminal-donut-metal" */ = {
			isa = XCConfigurationList;
			buildConfigurations = (
				3AA42CA62C0CC51300E2BCA5 /* Debug */,
				3AA42CA72C0CC51300E2BCA5 /* Release */,
			);
			defaultConfigurationIsVisible = 0;
			defaultConfigurationName = Release;
		};
/* End XCConfigurationList section */
	};
	rootObject = 3AA42C962C0CC51300E2BCA5 /* Project object */;
}
